
Microsoft Visual Studio Solution File, Format Version 12.00
# Visual Studio Version 17
VisualStudioVersion = 17.3.32819.101
MinimumVisualStudioVersion = 10.0.40219.1
Project("{FAE04EC0-301F-11D3-BF4B-00C04F79EFBC}") = "HudlProject", "HudlProject\HudlProject.csproj", "{05619436-EA2B-48AB-8037-7200F9E3463A}"
EndProject
Global
	GlobalSection(SolutionConfigurationPlatforms) = preSolution
		Debug|Any CPU = Debug|Any CPU
		Release|Any CPU = Release|Any CPU
	EndGlobalSection
	GlobalSection(ProjectConfigurationPlatforms) = postSolution
		{05619436-EA2B-48AB-8037-7200F9E3463A}.Debug|Any CPU.ActiveCfg = Debug|Any CPU
		{05619436-EA2B-48AB-8037-7200F9E3463A}.Debug|Any CPU.Build.0 = Debug|Any CPU
		{05619436-EA2B-48AB-8037-7200F9E3463A}.Release|Any CPU.ActiveCfg = Release|Any CPU
		{05619436-EA2B-48AB-8037-7200F9E3463A}.Release|Any CPU.Build.0 = Release|Any CPU
	EndGlobalSection
	GlobalSection(SolutionProperties) = preSolution
		HideSolutionNode = FALSE
	EndGlobalSection
	GlobalSection(ExtensibilityGlobals) = postSolution
		SolutionGuid = {17088800-DC39-4A76-9575-B5D819DC6BC0}
	EndGlobalSection
EndGlobal
